
Microsoft Visual Studio Solution File, Format Version 12.00
# Visual Studio Version 16
VisualStudioVersion = 16.0.29926.136
MinimumVisualStudioVersion = 10.0.40219.1
Project("{FAE04EC0-301F-11D3-BF4B-00C04F79EFBC}") = "Modulo6", "Modulo6\Modulo6.csproj", "{4DF580B4-2CC4-4354-976D-CDDDCC9B79D2}"
EndProject
Global
	GlobalSection(SolutionConfigurationPlatforms) = preSolution
		Debug|Any CPU = Debug|Any CPU
		Release|Any CPU = Release|Any CPU
	EndGlobalSection
	GlobalSection(ProjectConfigurationPlatforms) = postSolution
		{4DF580B4-2CC4-4354-976D-CDDDCC9B79D2}.Debug|Any CPU.ActiveCfg = Debug|Any CPU
		{4DF580B4-2CC4-4354-976D-CDDDCC9B79D2}.Debug|Any CPU.Build.0 = Debug|Any CPU
		{4DF580B4-2CC4-4354-976D-CDDDCC9B79D2}.Release|Any CPU.ActiveCfg = Release|Any CPU
		{4DF580B4-2CC4-4354-976D-CDDDCC9B79D2}.Release|Any CPU.Build.0 = Release|Any CPU
	EndGlobalSection
	GlobalSection(SolutionProperties) = preSolution
		HideSolutionNode = FALSE
	EndGlobalSection
	GlobalSection(ExtensibilityGlobals) = postSolution
		SolutionGuid = {58C250AD-6F8A-4395-87F7-4840E369DC65}
	EndGlobalSection
EndGlobal
